
Microsoft Visual Studio Solution File, Format Version 12.00
# Visual Studio Version 17
VisualStudioVersion = 17.0.31903.59
MinimumVisualStudioVersion = 10.0.40219.1
Project("{FAE04EC0-301F-11D3-BF4B-00C04F79EFBC}") = "Core", "Core\Core.csproj", "{C1A8AEDD-20E2-4306-9894-DA9062CC5021}"
EndProject
Project("{FAE04EC0-301F-11D3-BF4B-00C04F79EFBC}") = "Infrastructure", "Infrastructure\Infrastructure.csproj", "{0D9AB4EA-BD1A-4FCB-8AA1-84F0EE003A15}"
EndProject
Project("{FAE04EC0-301F-11D3-BF4B-00C04F79EFBC}") = "API", "API\API.csproj", "{79BFAEEC-618B-47DE-B4DF-93E9E6830B2D}"
EndProject
Global
	GlobalSection(SolutionConfigurationPlatforms) = preSolution
		Debug|Any CPU = Debug|Any CPU
		Release|Any CPU = Release|Any CPU
	EndGlobalSection
	GlobalSection(SolutionProperties) = preSolution
		HideSolutionNode = FALSE
	EndGlobalSection
	GlobalSection(ProjectConfigurationPlatforms) = postSolution
		{C1A8AEDD-20E2-4306-9894-DA9062CC5021}.Debug|Any CPU.ActiveCfg = Debug|Any CPU
		{C1A8AEDD-20E2-4306-9894-DA9062CC5021}.Debug|Any CPU.Build.0 = Debug|Any CPU
		{C1A8AEDD-20E2-4306-9894-DA9062CC5021}.Release|Any CPU.ActiveCfg = Release|Any CPU
		{C1A8AEDD-20E2-4306-9894-DA9062CC5021}.Release|Any CPU.Build.0 = Release|Any CPU
		{0D9AB4EA-BD1A-4FCB-8AA1-84F0EE003A15}.Debug|Any CPU.ActiveCfg = Debug|Any CPU
		{0D9AB4EA-BD1A-4FCB-8AA1-84F0EE003A15}.Debug|Any CPU.Build.0 = Debug|Any CPU
		{0D9AB4EA-BD1A-4FCB-8AA1-84F0EE003A15}.Release|Any CPU.ActiveCfg = Release|Any CPU
		{0D9AB4EA-BD1A-4FCB-8AA1-84F0EE003A15}.Release|Any CPU.Build.0 = Release|Any CPU
		{79BFAEEC-618B-47DE-B4DF-93E9E6830B2D}.Debug|Any CPU.ActiveCfg = Debug|Any CPU
		{79BFAEEC-618B-47DE-B4DF-93E9E6830B2D}.Debug|Any CPU.Build.0 = Debug|Any CPU
		{79BFAEEC-618B-47DE-B4DF-93E9E6830B2D}.Release|Any CPU.ActiveCfg = Release|Any CPU
		{79BFAEEC-618B-47DE-B4DF-93E9E6830B2D}.Release|Any CPU.Build.0 = Release|Any CPU
	EndGlobalSection
EndGlobal
